// !$*UTF8*$!
{
	archiveVersion = 1;
	classes = {
	};
	objectVersion = 56;
	objects = {

/* Begin PBXBuildFile section */
		F0D7FE542A7A083D00C68AAF /* LandmarksApp.swift in Sources */ = {isa = PBXBuildFile; fileRef = F0D7FE532A7A083D00C68AAF /* LandmarksApp.swift */; };
		F0D7FE562A7A083D00C68AAF /* ContentView.swift in Sources */ = {isa = PBXBuildFile; fileRef = F0D7FE552A7A083D00C68AAF /* ContentView.swift */; };
		F0D7FE582A7A083E00C68AAF /* Assets.xcassets in Resources */ = {isa = PBXBuildFile; fileRef = F0D7FE572A7A083E00C68AAF /* Assets.xcassets */; };
		F0D7FE5B2A7A083E00C68AAF /* Preview Assets.xcassets in Resources */ = {isa = PBXBuildFile; fileRef = F0D7FE5A2A7A083E00C68AAF /* Preview Assets.xcassets */; };
		F0D7FE622A7A0A9100C68AAF /* CircleImage.swift in Sources */ = {isa = PBXBuildFile; fileRef = F0D7FE612A7A0A9100C68AAF /* CircleImage.swift */; };
		F0D7FE642A7A0B0E00C68AAF /* MapView.swift in Sources */ = {isa = PBXBuildFile; fileRef = F0D7FE632A7A0B0E00C68AAF /* MapView.swift */; };
		F0D7FE662A7A24AE00C68AAF /* landmarkData.json in Resources */ = {isa = PBXBuildFile; fileRef = F0D7FE652A7A24AE00C68AAF /* landmarkData.json */; };
		F0D7FE6B2A7A252C00C68AAF /* Landmark.swift in Sources */ = {isa = PBXBuildFile; fileRef = F0D7FE6A2A7A252C00C68AAF /* Landmark.swift */; };
		F0D7FE6D2A7A273800C68AAF /* ModelData.swift in Sources */ = {isa = PBXBuildFile; fileRef = F0D7FE6C2A7A273800C68AAF /* ModelData.swift */; };
		F0D7FE6F2A7A28BA00C68AAF /* LandmarkRow.swift in Sources */ = {isa = PBXBuildFile; fileRef = F0D7FE6E2A7A28BA00C68AAF /* LandmarkRow.swift */; };
		F0D7FE722A7A2BA500C68AAF /* LandmarkList.swift in Sources */ = {isa = PBXBuildFile; fileRef = F0D7FE712A7A2BA500C68AAF /* LandmarkList.swift */; };
		F0D7FE742A7A2C4600C68AAF /* LandmarkDetail.swift in Sources */ = {isa = PBXBuildFile; fileRef = F0D7FE732A7A2C4600C68AAF /* LandmarkDetail.swift */; };
		F0D7FE762A7A32BF00C68AAF /* FavoriteButton.swift in Sources */ = {isa = PBXBuildFile; fileRef = F0D7FE752A7A32BF00C68AAF /* FavoriteButton.swift */; };
/* End PBXBuildFile section */

/* Begin PBXFileReference section */
		F0D7FE502A7A083D00C68AAF /* Landmarks.app */ = {isa = PBXFileReference; explicitFileType = wrapper.application; includeInIndex = 0; path = Landmarks.app; sourceTree = BUILT_PRODUCTS_DIR; };
		F0D7FE532A7A083D00C68AAF /* LandmarksApp.swift */ = {isa = PBXFileReference; lastKnownFileType = sourcecode.swift; path = LandmarksApp.swift; sourceTree = "<group>"; };
		F0D7FE552A7A083D00C68AAF /* ContentView.swift */ = {isa = PBXFileReference; lastKnownFileType = sourcecode.swift; path = ContentView.swift; sourceTree = "<group>"; };
		F0D7FE572A7A083E00C68AAF /* Assets.xcassets */ = {isa = PBXFileReference; lastKnownFileType = folder.assetcatalog; path = Assets.xcassets; sourceTree = "<group>"; };
		F0D7FE5A2A7A083E00C68AAF /* Preview Assets.xcassets */ = {isa = PBXFileReference; lastKnownFileType = folder.assetcatalog; path = "Preview Assets.xcassets"; sourceTree = "<group>"; };
		F0D7FE612A7A0A9100C68AAF /* CircleImage.swift */ = {isa = PBXFileReference; lastKnownFileType = sourcecode.swift; path = CircleImage.swift; sourceTree = "<group>"; };
		F0D7FE632A7A0B0E00C68AAF /* MapView.swift */ = {isa = PBXFileReference; lastKnownFileType = sourcecode.swift; path = MapView.swift; sourceTree = "<group>"; };
		F0D7FE652A7A24AE00C68AAF /* landmarkData.json */ = {isa = PBXFileReference; fileEncoding = 4; lastKnownFileType = text.json; path = landmarkData.json; sourceTree = "<group>"; };
		F0D7FE6A2A7A252C00C68AAF /* Landmark.swift */ = {isa = PBXFileReference; lastKnownFileType = sourcecode.swift; path = Landmark.swift; sourceTree = "<group>"; };
		F0D7FE6C2A7A273800C68AAF /* ModelData.swift */ = {isa = PBXFileReference; lastKnownFileType = sourcecode.swift; path = ModelData.swift; sourceTree = "<group>"; };
		F0D7FE6E2A7A28BA00C68AAF /* LandmarkRow.swift */ = {isa = PBXFileReference; lastKnownFileType = sourcecode.swift; path = LandmarkRow.swift; sourceTree = "<group>"; };
		F0D7FE712A7A2BA500C68AAF /* LandmarkList.swift */ = {isa = PBXFileReference; lastKnownFileType = sourcecode.swift; path = LandmarkList.swift; sourceTree = "<group>"; };
		F0D7FE732A7A2C4600C68AAF /* LandmarkDetail.swift */ = {isa = PBXFileReference; lastKnownFileType = sourcecode.swift; path = LandmarkDetail.swift; sourceTree = "<group>"; };
		F0D7FE752A7A32BF00C68AAF /* FavoriteButton.swift */ = {isa = PBXFileReference; lastKnownFileType = sourcecode.swift; path = FavoriteButton.swift; sourceTree = "<group>"; };
/* End PBXFileReference section */

/* Begin PBXFrameworksBuildPhase section */
		F0D7FE4D2A7A083D00C68AAF /* Frameworks */ = {
			isa = PBXFrameworksBuildPhase;
			buildActionMask = 2147483647;
			files = (
			);
			runOnlyForDeploymentPostprocessing = 0;
		};
/* End PBXFrameworksBuildPhase section */

/* Begin PBXGroup section */
		F0D7FE472A7A083D00C68AAF = {
			isa = PBXGroup;
			children = (
				F0D7FE522A7A083D00C68AAF /* Landmarks */,
				F0D7FE512A7A083D00C68AAF /* Products */,
			);
			sourceTree = "<group>";
		};
		F0D7FE512A7A083D00C68AAF /* Products */ = {
			isa = PBXGroup;
			children = (
				F0D7FE502A7A083D00C68AAF /* Landmarks.app */,
			);
			name = Products;
			sourceTree = "<group>";
		};
		F0D7FE522A7A083D00C68AAF /* Landmarks */ = {
			isa = PBXGroup;
			children = (
				F0D7FE532A7A083D00C68AAF /* LandmarksApp.swift */,
				F0D7FE672A7A24DE00C68AAF /* Views */,
				F0D7FE692A7A251400C68AAF /* Models */,
				F0D7FE682A7A24EC00C68AAF /* Resources */,
				F0D7FE592A7A083E00C68AAF /* Preview Content */,
			);
			path = Landmarks;
			sourceTree = "<group>";
		};
		F0D7FE592A7A083E00C68AAF /* Preview Content */ = {
			isa = PBXGroup;
			children = (
				F0D7FE5A2A7A083E00C68AAF /* Preview Assets.xcassets */,
			);
			path = "Preview Content";
			sourceTree = "<group>";
		};
		F0D7FE672A7A24DE00C68AAF /* Views */ = {
			isa = PBXGroup;
			children = (
				F0D7FE552A7A083D00C68AAF /* ContentView.swift */,
				F0D7FE772A7A334B00C68AAF /* Landmarks */,
				F0D7FE782A7A335000C68AAF /* Helpers */,
			);
			path = Views;
			sourceTree = "<group>";
		};
		F0D7FE682A7A24EC00C68AAF /* Resources */ = {
			isa = PBXGroup;
			children = (
				F0D7FE572A7A083E00C68AAF /* Assets.xcassets */,
				F0D7FE652A7A24AE00C68AAF /* landmarkData.json */,
			);
			path = Resources;
			sourceTree = "<group>";
		};
		F0D7FE692A7A251400C68AAF /* Models */ = {
			isa = PBXGroup;
			children = (
				F0D7FE6A2A7A252C00C68AAF /* Landmark.swift */,
				F0D7FE6C2A7A273800C68AAF /* ModelData.swift */,
			);
			path = Models;
			sourceTree = "<group>";
		};
		F0D7FE772A7A334B00C68AAF /* Landmarks */ = {
			isa = PBXGroup;
			children = (
				F0D7FE6E2A7A28BA00C68AAF /* LandmarkRow.swift */,
				F0D7FE712A7A2BA500C68AAF /* LandmarkList.swift */,
				F0D7FE732A7A2C4600C68AAF /* LandmarkDetail.swift */,
			);
			path = Landmarks;
			sourceTree = "<group>";
		};
		F0D7FE782A7A335000C68AAF /* Helpers */ = {
			isa = PBXGroup;
			children = (
				F0D7FE612A7A0A9100C68AAF /* CircleImage.swift */,
				F0D7FE632A7A0B0E00C68AAF /* MapView.swift */,
				F0D7FE752A7A32BF00C68AAF /* FavoriteButton.swift */,
			);
			path = Helpers;
			sourceTree = "<group>";
		};
/* End PBXGroup section */

/* Begin PBXNativeTarget section */
		F0D7FE4F2A7A083D00C68AAF /* Landmarks */ = {
			isa = PBXNativeTarget;
			buildConfigurationList = F0D7FE5E2A7A083E00C68AAF /* Build configuration list for PBXNativeTarget "Landmarks" */;
			buildPhases = (
				F0D7FE4C2A7A083D00C68AAF /* Sources */,
				F0D7FE4D2A7A083D00C68AAF /* Frameworks */,
				F0D7FE4E2A7A083D00C68AAF /* Resources */,
			);
			buildRules = (
			);
			dependencies = (
			);
			name = Landmarks;
			productName = Landmarks;
			productReference = F0D7FE502A7A083D00C68AAF /* Landmarks.app */;
			productType = "com.apple.product-type.application";
		};
/* End PBXNativeTarget section */

/* Begin PBXProject section */
		F0D7FE482A7A083D00C68AAF /* Project object */ = {
			isa = PBXProject;
			attributes = {
				BuildIndependentTargetsInParallel = 1;
				LastSwiftUpdateCheck = 1410;
				LastUpgradeCheck = 1410;
				TargetAttributes = {
					F0D7FE4F2A7A083D00C68AAF = {
						CreatedOnToolsVersion = 14.1;
					};
				};
			};
			buildConfigurationList = F0D7FE4B2A7A083D00C68AAF /* Build configuration list for PBXProject "Landmarks" */;
			compatibilityVersion = "Xcode 14.0";
			developmentRegion = en;
			hasScannedForEncodings = 0;
			knownRegions = (
				en,
				Base,
			);
			mainGroup = F0D7FE472A7A083D00C68AAF;
			productRefGroup = F0D7FE512A7A083D00C68AAF /* Products */;
			projectDirPath = "";
			projectRoot = "";
			targets = (
				F0D7FE4F2A7A083D00C68AAF /* Landmarks */,
			);
		};
/* End PBXProject section */

/* Begin PBXResourcesBuildPhase section */
		F0D7FE4E2A7A083D00C68AAF /* Resources */ = {
			isa = PBXResourcesBuildPhase;
			buildActionMask = 2147483647;
			files = (
				F0D7FE5B2A7A083E00C68AAF /* Preview Assets.xcassets in Resources */,
				F0D7FE582A7A083E00C68AAF /* Assets.xcassets in Resources */,
				F0D7FE662A7A24AE00C68AAF /* landmarkData.json in Resources */,
			);
			runOnlyForDeploymentPostprocessing = 0;
		};
/* End PBXResourcesBuildPhase section */

/* Begin PBXSourcesBuildPhase section */
		F0D7FE4C2A7A083D00C68AAF /* Sources */ = {
			isa = PBXSourcesBuildPhase;
			buildActionMask = 2147483647;
			files = (
				F0D7FE562A7A083D00C68AAF /* ContentView.swift in Sources */,
				F0D7FE642A7A0B0E00C68AAF /* MapView.swift in Sources */,
				F0D7FE542A7A083D00C68AAF /* LandmarksApp.swift in Sources */,
				F0D7FE762A7A32BF00C68AAF /* FavoriteButton.swift in Sources */,
				F0D7FE722A7A2BA500C68AAF /* LandmarkList.swift in Sources */,
				F0D7FE742A7A2C4600C68AAF /* LandmarkDetail.swift in Sources */,
				F0D7FE622A7A0A9100C68AAF /* CircleImage.swift in Sources */,
				F0D7FE6B2A7A252C00C68AAF /* Landmark.swift in Sources */,
				F0D7FE6F2A7A28BA00C68AAF /* LandmarkRow.swift in Sources */,
				F0D7FE6D2A7A273800C68AAF /* ModelData.swift in Sources */,
			);
			runOnlyForDeploymentPostprocessing = 0;
		};
/* End PBXSourcesBuildPhase section */

/* Begin XCBuildConfiguration section */
		F0D7FE5C2A7A083E00C68AAF /* Debug */ = {
			isa = XCBuildConfiguration;
			buildSettings = {
				ALWAYS_SEARCH_USER_PATHS = NO;
				CLANG_ANALYZER_NONNULL = YES;
				CLANG_ANALYZER_NUMBER_OBJECT_CONVERSION = YES_AGGRESSIVE;
				CLANG_CXX_LANGUAGE_STANDARD = "gnu++20";
				CLANG_ENABLE_MODULES = YES;
				CLANG_ENABLE_OBJC_ARC = YES;
				CLANG_ENABLE_OBJC_WEAK = YES;
				CLANG_WARN_BLOCK_CAPTURE_AUTORELEASING = YES;
				CLANG_WARN_BOOL_CONVERSION = YES;
				CLANG_WARN_COMMA = YES;
				CLANG_WARN_CONSTANT_CONVERSION = YES;
				CLANG_WARN_DEPRECATED_OBJC_IMPLEMENTATIONS = YES;
				CLANG_WARN_DIRECT_OBJC_ISA_USAGE = YES_ERROR;
				CLANG_WARN_DOCUMENTATION_COMMENTS = YES;
				CLANG_WARN_EMPTY_BODY = YES;
				CLANG_WARN_ENUM_CONVERSION = YES;
				CLANG_WARN_INFINITE_RECURSION = YES;
				CLANG_WARN_INT_CONVERSION = YES;
				CLANG_WARN_NON_LITERAL_NULL_CONVERSION = YES;
				CLANG_WARN_OBJC_IMPLICIT_RETAIN_SELF = YES;
				CLANG_WARN_OBJC_LITERAL_CONVERSION = YES;
				CLANG_WARN_OBJC_ROOT_CLASS = YES_ERROR;
				CLANG_WARN_QUOTED_INCLUDE_IN_FRAMEWORK_HEADER = YES;
				CLANG_WARN_RANGE_LOOP_ANALYSIS = YES;
				CLANG_WARN_STRICT_PROTOTYPES = YES;
				CLANG_WARN_SUSPICIOUS_MOVE = YES;
				CLANG_WARN_UNGUARDED_AVAILABILITY = YES_AGGRESSIVE;
				CLANG_WARN_UNREACHABLE_CODE = YES;
				CLANG_WARN__DUPLICATE_METHOD_MATCH = YES;
				COPY_PHASE_STRIP = NO;
				DEBUG_INFORMATION_FORMAT = dwarf;
				ENABLE_STRICT_OBJC_MSGSEND = YES;
				ENABLE_TESTABILITY = YES;
				GCC_C_LANGUAGE_STANDARD = gnu11;
				GCC_DYNAMIC_NO_PIC = NO;
				GCC_NO_COMMON_BLOCKS = YES;
				GCC_OPTIMIZATION_LEVEL = 0;
				GCC_PREPROCESSOR_DEFINITIONS = (
					"DEBUG=1",
					"$(inherited)",
				);
				GCC_WARN_64_TO_32_BIT_CONVERSION = YES;
				GCC_WARN_ABOUT_RETURN_TYPE = YES_ERROR;
				GCC_WARN_UNDECLARED_SELECTOR = YES;
				GCC_WARN_UNINITIALIZED_AUTOS = YES_AGGRESSIVE;
				GCC_WARN_UNUSED_FUNCTION = YES;
				GCC_WARN_UNUSED_VARIABLE = YES;
				IPHONEOS_DEPLOYMENT_TARGET = 16.1;
				MTL_ENABLE_DEBUG_INFO = INCLUDE_SOURCE;
				MTL_FAST_MATH = YES;
				ONLY_ACTIVE_ARCH = YES;
				SDKROOT = iphoneos;
				SWIFT_ACTIVE_COMPILATION_CONDITIONS = DEBUG;
				SWIFT_OPTIMIZATION_LEVEL = "-Onone";
			};
			name = Debug;
		};
		F0D7FE5D2A7A083E00C68AAF /* Release */ = {
			isa = XCBuildConfiguration;
			buildSettings = {
				ALWAYS_SEARCH_USER_PATHS = NO;
				CLANG_ANALYZER_NONNULL = YES;
				CLANG_ANALYZER_NUMBER_OBJECT_CONVERSION = YES_AGGRESSIVE;
				CLANG_CXX_LANGUAGE_STANDARD = "gnu++20";
				CLANG_ENABLE_MODULES = YES;
				CLANG_ENABLE_OBJC_ARC = YES;
				CLANG_ENABLE_OBJC_WEAK = YES;
				CLANG_WARN_BLOCK_CAPTURE_AUTORELEASING = YES;
				CLANG_WARN_BOOL_CONVERSION = YES;
				CLANG_WARN_COMMA = YES;
				CLANG_WARN_CONSTANT_CONVERSION = YES;
				CLANG_WARN_DEPRECATED_OBJC_IMPLEMENTATIONS = YES;
				CLANG_WARN_DIRECT_OBJC_ISA_USAGE = YES_ERROR;
				CLANG_WARN_DOCUMENTATION_COMMENTS = YES;
				CLANG_WARN_EMPTY_BODY = YES;
				CLANG_WARN_ENUM_CONVERSION = YES;
				CLANG_WARN_INFINITE_RECURSION = YES;
				CLANG_WARN_INT_CONVERSION = YES;
				CLANG_WARN_NON_LITERAL_NULL_CONVERSION = YES;
				CLANG_WARN_OBJC_IMPLICIT_RETAIN_SELF = YES;
				CLANG_WARN_OBJC_LITERAL_CONVERSION = YES;
				CLANG_WARN_OBJC_ROOT_CLASS = YES_ERROR;
				CLANG_WARN_QUOTED_INCLUDE_IN_FRAMEWORK_HEADER = YES;
				CLANG_WARN_RANGE_LOOP_ANALYSIS = YES;
				CLANG_WARN_STRICT_PROTOTYPES = YES;
				CLANG_WARN_SUSPICIOUS_MOVE = YES;
				CLANG_WARN_UNGUARDED_AVAILABILITY = YES_AGGRESSIVE;
				CLANG_WARN_UNREACHABLE_CODE = YES;
				CLANG_WARN__DUPLICATE_METHOD_MATCH = YES;
				COPY_PHASE_STRIP = NO;
				DEBUG_INFORMATION_FORMAT = "dwarf-with-dsym";
				ENABLE_NS_ASSERTIONS = NO;
				ENABLE_STRICT_OBJC_MSGSEND = YES;
				GCC_C_LANGUAGE_STANDARD = gnu11;
				GCC_NO_COMMON_BLOCKS = YES;
				GCC_WARN_64_TO_32_BIT_CONVERSION = YES;
				GCC_WARN_ABOUT_RETURN_TYPE = YES_ERROR;
				GCC_WARN_UNDECLARED_SELECTOR = YES;
				GCC_WARN_UNINITIALIZED_AUTOS = YES_AGGRESSIVE;
				GCC_WARN_UNUSED_FUNCTION = YES;
				GCC_WARN_UNUSED_VARIABLE = YES;
				IPHONEOS_DEPLOYMENT_TARGET = 16.1;
				MTL_ENABLE_DEBUG_INFO = NO;
				MTL_FAST_MATH = YES;
				SDKROOT = iphoneos;
				SWIFT_COMPILATION_MODE = wholemodule;
				SWIFT_OPTIMIZATION_LEVEL = "-O";
				VALIDATE_PRODUCT = YES;
			};
			name = Release;
		};
		F0D7FE5F2A7A083E00C68AAF /* Debug */ = {
			isa = XCBuildConfiguration;
			buildSettings = {
				ASSETCATALOG_COMPILER_APPICON_NAME = AppIcon;
				ASSETCATALOG_COMPILER_GLOBAL_ACCENT_COLOR_NAME = AccentColor;
				CODE_SIGN_STYLE = Automatic;
				CURRENT_PROJECT_VERSION = 1;
				DEVELOPMENT_ASSET_PATHS = "\"Landmarks/Preview Content\"";
				DEVELOPMENT_TEAM = TMZ97PNGHJ;
				ENABLE_PREVIEWS = YES;
				GENERATE_INFOPLIST_FILE = YES;
				INFOPLIST_KEY_UIApplicationSceneManifest_Generation = YES;
				INFOPLIST_KEY_UIApplicationSupportsIndirectInputEvents = YES;
				INFOPLIST_KEY_UILaunchScreen_Generation = YES;
				INFOPLIST_KEY_UISupportedInterfaceOrientations_iPad = "UIInterfaceOrientationPortrait UIInterfaceOrientationPortraitUpsideDown UIInterfaceOrientationLandscapeLeft UIInterfaceOrientationLandscapeRight";
				INFOPLIST_KEY_UISupportedInterfaceOrientations_iPhone = "UIInterfaceOrientationPortrait UIInterfaceOrientationLandscapeLeft UIInterfaceOrientationLandscapeRight";
				LD_RUNPATH_SEARCH_PATHS = (
					"$(inherited)",
					"@executable_path/Frameworks",
				);
				MARKETING_VERSION = 1.0;
				PRODUCT_BUNDLE_IDENTIFIER = com.blu.Landmarks;
				PRODUCT_NAME = "$(TARGET_NAME)";
				SWIFT_EMIT_LOC_STRINGS = YES;
				SWIFT_VERSION = 5.0;
				TARGETED_DEVICE_FAMILY = "1,2";
			};
			name = Debug;
		};
		F0D7FE602A7A083E00C68AAF /* Release */ = {
			isa = XCBuildConfiguration;
			buildSettings = {
				ASSETCATALOG_COMPILER_APPICON_NAME = AppIcon;
				ASSETCATALOG_COMPILER_GLOBAL_ACCENT_COLOR_NAME = AccentColor;
				CODE_SIGN_STYLE = Automatic;
				CURRENT_PROJECT_VERSION = 1;
				DEVELOPMENT_ASSET_PATHS = "\"Landmarks/Preview Content\"";
				DEVELOPMENT_TEAM = TMZ97PNGHJ;
				ENABLE_PREVIEWS = YES;
				GENERATE_INFOPLIST_FILE = YES;
				INFOPLIST_KEY_UIApplicationSceneManifest_Generation = YES;
				INFOPLIST_KEY_UIApplicationSupportsIndirectInputEvents = YES;
				INFOPLIST_KEY_UILaunchScreen_Generation = YES;
				INFOPLIST_KEY_UISupportedInterfaceOrientations_iPad = "UIInterfaceOrientationPortrait UIInterfaceOrientationPortraitUpsideDown UIInterfaceOrientationLandscapeLeft UIInterfaceOrientationLandscapeRight";
				INFOPLIST_KEY_UISupportedInterfaceOrientations_iPhone = "UIInterfaceOrientationPortrait UIInterfaceOrientationLandscapeLeft UIInterfaceOrientationLandscapeRight";
				LD_RUNPATH_SEARCH_PATHS = (
					"$(inherited)",
					"@executable_path/Frameworks",
				);
				MARKETING_VERSION = 1.0;
				PRODUCT_BUNDLE_IDENTIFIER = com.blu.Landmarks;
				PRODUCT_NAME = "$(TARGET_NAME)";
				SWIFT_EMIT_LOC_STRINGS = YES;
				SWIFT_VERSION = 5.0;
				TARGETED_DEVICE_FAMILY = "1,2";
			};
			name = Release;
		};
/* End XCBuildConfiguration section */

/* Begin XCConfigurationList section */
		F0D7FE4B2A7A083D00C68AAF /* Build configuration list for PBXProject "Landmarks" */ = {
			isa = XCConfigurationList;
			buildConfigurations = (
				F0D7FE5C2A7A083E00C68AAF /* Debug */,
				F0D7FE5D2A7A083E00C68AAF /* Release */,
			);
			defaultConfigurationIsVisible = 0;
			defaultConfigurationName = Release;
		};
		F0D7FE5E2A7A083E00C68AAF /* Build configuration list for PBXNativeTarget "Landmarks" */ = {
			isa = XCConfigurationList;
			buildConfigurations = (
				F0D7FE5F2A7A083E00C68AAF /* Debug */,
				F0D7FE602A7A083E00C68AAF /* Release */,
			);
			defaultConfigurationIsVisible = 0;
			defaultConfigurationName = Release;
		};
/* End XCConfigurationList section */
	};
	rootObject = F0D7FE482A7A083D00C68AAF /* Project object */;
}
